
Microsoft Visual Studio Solution File, Format Version 12.00
# Visual Studio Version 17
VisualStudioVersion = 17.0.31710.8
MinimumVisualStudioVersion = 10.0.40219.1
Project("{FAE04EC0-301F-11D3-BF4B-00C04F79EFBC}") = "binario in decimale", "binario in decimale\binario in decimale.csproj", "{2099C244-6F37-4ADA-9319-B34C24502C03}"
EndProject
Global
	GlobalSection(SolutionConfigurationPlatforms) = preSolution
		Debug|Any CPU = Debug|Any CPU
		Release|Any CPU = Release|Any CPU
	EndGlobalSection
	GlobalSection(ProjectConfigurationPlatforms) = postSolution
		{2099C244-6F37-4ADA-9319-B34C24502C03}.Debug|Any CPU.ActiveCfg = Debug|Any CPU
		{2099C244-6F37-4ADA-9319-B34C24502C03}.Debug|Any CPU.Build.0 = Debug|Any CPU
		{2099C244-6F37-4ADA-9319-B34C24502C03}.Release|Any CPU.ActiveCfg = Release|Any CPU
		{2099C244-6F37-4ADA-9319-B34C24502C03}.Release|Any CPU.Build.0 = Release|Any CPU
	EndGlobalSection
	GlobalSection(SolutionProperties) = preSolution
		HideSolutionNode = FALSE
	EndGlobalSection
	GlobalSection(ExtensibilityGlobals) = postSolution
		SolutionGuid = {60EECCFD-B855-400E-8D04-0706C8929070}
	EndGlobalSection
EndGlobal
